<?xml version="1.0" encoding="utf-8"?>
<Project ToolsVersion="4.0" xmlns="http://schemas.microsoft.com/developer/msbuild/2003">
  <ItemGroup>
    <Filter Include="资源文件">
      <UniqueIdentifier>{67DA6AB6-F800-4c08-8B7A-83BB121AAD01}</UniqueIdentifier>
      <Extensions>rc;ico;cur;bmp;dlg;rc2;rct;bin;rgs;gif;jpg;jpeg;jpe;resx;tiff;tif;png;wav;mfcribbon-ms</Extensions>
    </Filter>
  </ItemGroup>
  <ItemGroup>
    <None Include="ReadMe.txt" />
  </ItemGroup>
  <ItemGroup>
    <ClInclude Include="..\..\Code\Engine\inc\Database\IDatabaseConnection.h" />
    <ClInclude Include="..\..\Code\Engine\inc\Database\IDatabaseManager.h" />
    <ClInclude Include="..\..\Code\Engine\inc\Database\IDatabaseRecord.h" />
    <ClInclude Include="..\..\Code\Engine\src\Database\DatabaseConnection.h" />
    <ClInclude Include="..\..\Code\Engine\src\Database\DatabaseManager.h" />
    <ClInclude Include="..\..\Code\Engine\src\Database\DatabaseRecord.h" />
    <ClInclude Include="..\..\Code\Engine\inc\FairyLandDatabase.h" />
  </ItemGroup>
  <ItemGroup>
    <ClCompile Include="..\..\Code\Engine\src\Database\DatabaseConnection.cpp" />
    <ClCompile Include="..\..\Code\Engine\src\Database\DatabaseManager.cpp" />
    <ClCompile Include="..\..\Code\Engine\src\Database\DatabaseRecord.cpp" />
    <ClCompile Include="..\..\Code\Engine\src\FairyLandDatabase.cpp" />
  </ItemGroup>
</Project>